
Microsoft Visual Studio Solution File, Format Version 12.00
# Visual Studio 14
VisualStudioVersion = 14.0.24720.0
MinimumVisualStudioVersion = 10.0.40219.1
Project("{FAE04EC0-301F-11D3-BF4B-00C04F79EFBC}") = "SocialTest.Droid", "SocialTest\SocialTest.Droid\SocialTest.Droid.csproj", "{953765EC-43BD-49E6-86D1-B55B2976699A}"
EndProject
Project("{FAE04EC0-301F-11D3-BF4B-00C04F79EFBC}") = "SocialTest.iOS", "SocialTest\SocialTest.iOS\SocialTest.iOS.csproj", "{E79AE05E-0502-4847-8870-845F5FBB81C1}"
EndProject
Project("{FAE04EC0-301F-11D3-BF4B-00C04F79EFBC}") = "SocialTest.WinPhone", "SocialTest\SocialTest.WinPhone\SocialTest.WinPhone.csproj", "{20B76933-D50E-4616-B165-A96F51AC1EE6}"
EndProject
Project("{FAE04EC0-301F-11D3-BF4B-00C04F79EFBC}") = "SocialTest.UWP", "SocialTest\SocialTest.UWP\SocialTest.UWP.csproj", "{7A15F84C-1C83-4464-87B2-8386B2C24004}"
EndProject
Project("{FAE04EC0-301F-11D3-BF4B-00C04F79EFBC}") = "SocialTest.Windows", "SocialTest\SocialTest.Windows\SocialTest.Windows.csproj", "{E1B1CE94-8EAC-43B2-A0E7-EFEBE92B365E}"
EndProject
Project("{D954291E-2A0B-460D-934E-DC6B0785DB48}") = "SocialTest", "SocialTest\SocialTest\SocialTest.shproj", "{9053D960-EFB1-482A-91DA-49AE2F509DDB}"
EndProject
Project("{FAE04EC0-301F-11D3-BF4B-00C04F79EFBC}") = "ClassLibrary1", "ClassLibrary1\ClassLibrary1.csproj", "{BE955AB0-E555-4170-BF90-8E9CC03EF5A8}"
EndProject
Global
	GlobalSection(SharedMSBuildProjectFiles) = preSolution
		SocialTest\SocialTest\SocialTest.projitems*{e1b1ce94-8eac-43b2-a0e7-efebe92b365e}*SharedItemsImports = 4
		SocialTest\SocialTest\SocialTest.projitems*{7a15f84c-1c83-4464-87b2-8386b2c24004}*SharedItemsImports = 4
		SocialTest\SocialTest\SocialTest.projitems*{9053d960-efb1-482a-91da-49ae2f509ddb}*SharedItemsImports = 13
		SocialTest\SocialTest\SocialTest.projitems*{20b76933-d50e-4616-b165-a96f51ac1ee6}*SharedItemsImports = 4
		SocialTest\SocialTest\SocialTest.projitems*{953765ec-43bd-49e6-86d1-b55b2976699a}*SharedItemsImports = 4
		SocialTest\SocialTest\SocialTest.projitems*{e79ae05e-0502-4847-8870-845f5fbb81c1}*SharedItemsImports = 4
	EndGlobalSection
	GlobalSection(SolutionConfigurationPlatforms) = preSolution
		Ad-Hoc|Any CPU = Ad-Hoc|Any CPU
		Ad-Hoc|ARM = Ad-Hoc|ARM
		Ad-Hoc|iPhone = Ad-Hoc|iPhone
		Ad-Hoc|iPhoneSimulator = Ad-Hoc|iPhoneSimulator
		Ad-Hoc|x64 = Ad-Hoc|x64
		Ad-Hoc|x86 = Ad-Hoc|x86
		AppStore|Any CPU = AppStore|Any CPU
		AppStore|ARM = AppStore|ARM
		AppStore|iPhone = AppStore|iPhone
		AppStore|iPhoneSimulator = AppStore|iPhoneSimulator
		AppStore|x64 = AppStore|x64
		AppStore|x86 = AppStore|x86
		Debug|Any CPU = Debug|Any CPU
		Debug|ARM = Debug|ARM
		Debug|iPhone = Debug|iPhone
		Debug|iPhoneSimulator = Debug|iPhoneSimulator
		Debug|x64 = Debug|x64
		Debug|x86 = Debug|x86
		Release|Any CPU = Release|Any CPU
		Release|ARM = Release|ARM
		Release|iPhone = Release|iPhone
		Release|iPhoneSimulator = Release|iPhoneSimulator
		Release|x64 = Release|x64
		Release|x86 = Release|x86
	EndGlobalSection
	GlobalSection(ProjectConfigurationPlatforms) = postSolution
		{953765EC-43BD-49E6-86D1-B55B2976699A}.Ad-Hoc|Any CPU.ActiveCfg = Release|Any CPU
		{953765EC-43BD-49E6-86D1-B55B2976699A}.Ad-Hoc|Any CPU.Build.0 = Release|Any CPU
		{953765EC-43BD-49E6-86D1-B55B2976699A}.Ad-Hoc|Any CPU.Deploy.0 = Release|Any CPU
		{953765EC-43BD-49E6-86D1-B55B2976699A}.Ad-Hoc|ARM.ActiveCfg = Release|Any CPU
		{953765EC-43BD-49E6-86D1-B55B2976699A}.Ad-Hoc|ARM.Build.0 = Release|Any CPU
		{953765EC-43BD-49E6-86D1-B55B2976699A}.Ad-Hoc|ARM.Deploy.0 = Release|Any CPU
		{953765EC-43BD-49E6-86D1-B55B2976699A}.Ad-Hoc|iPhone.ActiveCfg = Release|Any CPU
		{953765EC-43BD-49E6-86D1-B55B2976699A}.Ad-Hoc|iPhone.Build.0 = Release|Any CPU
		{953765EC-43BD-49E6-86D1-B55B2976699A}.Ad-Hoc|iPhone.Deploy.0 = Release|Any CPU
		{953765EC-43BD-49E6-86D1-B55B2976699A}.Ad-Hoc|iPhoneSimulator.ActiveCfg = Release|Any CPU
		{953765EC-43BD-49E6-86D1-B55B2976699A}.Ad-Hoc|iPhoneSimulator.Build.0 = Release|Any CPU
		{953765EC-43BD-49E6-86D1-B55B2976699A}.Ad-Hoc|iPhoneSimulator.Deploy.0 = Release|Any CPU
		{953765EC-43BD-49E6-86D1-B55B2976699A}.Ad-Hoc|x64.ActiveCfg = Release|Any CPU
		{953765EC-43BD-49E6-86D1-B55B2976699A}.Ad-Hoc|x64.Build.0 = Release|Any CPU
		{953765EC-43BD-49E6-86D1-B55B2976699A}.Ad-Hoc|x64.Deploy.0 = Release|Any CPU
		{953765EC-43BD-49E6-86D1-B55B2976699A}.Ad-Hoc|x86.ActiveCfg = Release|Any CPU
		{953765EC-43BD-49E6-86D1-B55B2976699A}.Ad-Hoc|x86.Build.0 = Release|Any CPU
		{953765EC-43BD-49E6-86D1-B55B2976699A}.Ad-Hoc|x86.Deploy.0 = Release|Any CPU
		{953765EC-43BD-49E6-86D1-B55B2976699A}.AppStore|Any CPU.ActiveCfg = Release|Any CPU
		{953765EC-43BD-49E6-86D1-B55B2976699A}.AppStore|Any CPU.Build.0 = Release|Any CPU
		{953765EC-43BD-49E6-86D1-B55B2976699A}.AppStore|Any CPU.Deploy.0 = Release|Any CPU
		{953765EC-43BD-49E6-86D1-B55B2976699A}.AppStore|ARM.ActiveCfg = Release|Any CPU
		{953765EC-43BD-49E6-86D1-B55B2976699A}.AppStore|ARM.Build.0 = Release|Any CPU
		{953765EC-43BD-49E6-86D1-B55B2976699A}.AppStore|ARM.Deploy.0 = Release|Any CPU
		{953765EC-43BD-49E6-86D1-B55B2976699A}.AppStore|iPhone.ActiveCfg = Release|Any CPU
		{953765EC-43BD-49E6-86D1-B55B2976699A}.AppStore|iPhone.Build.0 = Release|Any CPU
		{953765EC-43BD-49E6-86D1-B55B2976699A}.AppStore|iPhone.Deploy.0 = Release|Any CPU
		{953765EC-43BD-49E6-86D1-B55B2976699A}.AppStore|iPhoneSimulator.ActiveCfg = Release|Any CPU
		{953765EC-43BD-49E6-86D1-B55B2976699A}.AppStore|iPhoneSimulator.Build.0 = Release|Any CPU
		{953765EC-43BD-49E6-86D1-B55B2976699A}.AppStore|iPhoneSimulator.Deploy.0 = Release|Any CPU
		{953765EC-43BD-49E6-86D1-B55B2976699A}.AppStore|x64.ActiveCfg = Release|Any CPU
		{953765EC-43BD-49E6-86D1-B55B2976699A}.AppStore|x64.Build.0 = Release|Any CPU
		{953765EC-43BD-49E6-86D1-B55B2976699A}.AppStore|x64.Deploy.0 = Release|Any CPU
		{953765EC-43BD-49E6-86D1-B55B2976699A}.AppStore|x86.ActiveCfg = Release|Any CPU
		{953765EC-43BD-49E6-86D1-B55B2976699A}.AppStore|x86.Build.0 = Release|Any CPU
		{953765EC-43BD-49E6-86D1-B55B2976699A}.AppStore|x86.Deploy.0 = Release|Any CPU
		{953765EC-43BD-49E6-86D1-B55B2976699A}.Debug|Any CPU.ActiveCfg = Debug|Any CPU
		{953765EC-43BD-49E6-86D1-B55B2976699A}.Debug|Any CPU.Build.0 = Debug|Any CPU
		{953765EC-43BD-49E6-86D1-B55B2976699A}.Debug|Any CPU.Deploy.0 = Debug|Any CPU
		{953765EC-43BD-49E6-86D1-B55B2976699A}.Debug|ARM.ActiveCfg = Debug|Any CPU
		{953765EC-43BD-49E6-86D1-B55B2976699A}.Debug|ARM.Build.0 = Debug|Any CPU
		{953765EC-43BD-49E6-86D1-B55B2976699A}.Debug|ARM.Deploy.0 = Debug|Any CPU
		{953765EC-43BD-49E6-86D1-B55B2976699A}.Debug|iPhone.ActiveCfg = Debug|Any CPU
		{953765EC-43BD-49E6-86D1-B55B2976699A}.Debug|iPhone.Build.0 = Debug|Any CPU
		{953765EC-43BD-49E6-86D1-B55B2976699A}.Debug|iPhone.Deploy.0 = Debug|Any CPU
		{953765EC-43BD-49E6-86D1-B55B2976699A}.Debug|iPhoneSimulator.ActiveCfg = Debug|Any CPU
		{953765EC-43BD-49E6-86D1-B55B2976699A}.Debug|iPhoneSimulator.Build.0 = Debug|Any CPU
		{953765EC-43BD-49E6-86D1-B55B2976699A}.Debug|iPhoneSimulator.Deploy.0 = Debug|Any CPU
		{953765EC-43BD-49E6-86D1-B55B2976699A}.Debug|x64.ActiveCfg = Debug|Any CPU
		{953765EC-43BD-49E6-86D1-B55B2976699A}.Debug|x64.Build.0 = Debug|Any CPU
		{953765EC-43BD-49E6-86D1-B55B2976699A}.Debug|x64.Deploy.0 = Debug|Any CPU
		{953765EC-43BD-49E6-86D1-B55B2976699A}.Debug|x86.ActiveCfg = Debug|Any CPU
		{953765EC-43BD-49E6-86D1-B55B2976699A}.Debug|x86.Build.0 = Debug|Any CPU
		{953765EC-43BD-49E6-86D1-B55B2976699A}.Debug|x86.Deploy.0 = Debug|Any CPU
		{953765EC-43BD-49E6-86D1-B55B2976699A}.Release|Any CPU.ActiveCfg = Release|Any CPU
		{953765EC-43BD-49E6-86D1-B55B2976699A}.Release|Any CPU.Build.0 = Release|Any CPU
		{953765EC-43BD-49E6-86D1-B55B2976699A}.Release|Any CPU.Deploy.0 = Release|Any CPU
		{953765EC-43BD-49E6-86D1-B55B2976699A}.Release|ARM.ActiveCfg = Release|Any CPU
		{953765EC-43BD-49E6-86D1-B55B2976699A}.Release|ARM.Build.0 = Release|Any CPU
		{953765EC-43BD-49E6-86D1-B55B2976699A}.Release|ARM.Deploy.0 = Release|Any CPU
		{953765EC-43BD-49E6-86D1-B55B2976699A}.Release|iPhone.ActiveCfg = Release|Any CPU
		{953765EC-43BD-49E6-86D1-B55B2976699A}.Release|iPhone.Build.0 = Release|Any CPU
		{953765EC-43BD-49E6-86D1-B55B2976699A}.Release|iPhone.Deploy.0 = Release|Any CPU
		{953765EC-43BD-49E6-86D1-B55B2976699A}.Release|iPhoneSimulator.ActiveCfg = Release|Any CPU
		{953765EC-43BD-49E6-86D1-B55B2976699A}.Release|iPhoneSimulator.Build.0 = Release|Any CPU
		{953765EC-43BD-49E6-86D1-B55B2976699A}.Release|iPhoneSimulator.Deploy.0 = Release|Any CPU
		{953765EC-43BD-49E6-86D1-B55B2976699A}.Release|x64.ActiveCfg = Release|Any CPU
		{953765EC-43BD-49E6-86D1-B55B2976699A}.Release|x64.Build.0 = Release|Any CPU
		{953765EC-43BD-49E6-86D1-B55B2976699A}.Release|x64.Deploy.0 = Release|Any CPU
		{953765EC-43BD-49E6-86D1-B55B2976699A}.Release|x86.ActiveCfg = Release|Any CPU
		{953765EC-43BD-49E6-86D1-B55B2976699A}.Release|x86.Build.0 = Release|Any CPU
		{953765EC-43BD-49E6-86D1-B55B2976699A}.Release|x86.Deploy.0 = Release|Any CPU
		{E79AE05E-0502-4847-8870-845F5FBB81C1}.Ad-Hoc|Any CPU.ActiveCfg = Ad-Hoc|iPhone
		{E79AE05E-0502-4847-8870-845F5FBB81C1}.Ad-Hoc|ARM.ActiveCfg = Ad-Hoc|iPhone
		{E79AE05E-0502-4847-8870-845F5FBB81C1}.Ad-Hoc|iPhone.ActiveCfg = Ad-Hoc|iPhone
		{E79AE05E-0502-4847-8870-845F5FBB81C1}.Ad-Hoc|iPhone.Build.0 = Ad-Hoc|iPhone
		{E79AE05E-0502-4847-8870-845F5FBB81C1}.Ad-Hoc|iPhoneSimulator.ActiveCfg = Ad-Hoc|iPhoneSimulator
		{E79AE05E-0502-4847-8870-845F5FBB81C1}.Ad-Hoc|iPhoneSimulator.Build.0 = Ad-Hoc|iPhoneSimulator
		{E79AE05E-0502-4847-8870-845F5FBB81C1}.Ad-Hoc|x64.ActiveCfg = Ad-Hoc|iPhone
		{E79AE05E-0502-4847-8870-845F5FBB81C1}.Ad-Hoc|x86.ActiveCfg = Ad-Hoc|iPhone
		{E79AE05E-0502-4847-8870-845F5FBB81C1}.AppStore|Any CPU.ActiveCfg = AppStore|iPhone
		{E79AE05E-0502-4847-8870-845F5FBB81C1}.AppStore|ARM.ActiveCfg = AppStore|iPhone
		{E79AE05E-0502-4847-8870-845F5FBB81C1}.AppStore|iPhone.ActiveCfg = AppStore|iPhone
		{E79AE05E-0502-4847-8870-845F5FBB81C1}.AppStore|iPhone.Build.0 = AppStore|iPhone
		{E79AE05E-0502-4847-8870-845F5FBB81C1}.AppStore|iPhoneSimulator.ActiveCfg = AppStore|iPhoneSimulator
		{E79AE05E-0502-4847-8870-845F5FBB81C1}.AppStore|iPhoneSimulator.Build.0 = AppStore|iPhoneSimulator
		{E79AE05E-0502-4847-8870-845F5FBB81C1}.AppStore|x64.ActiveCfg = AppStore|iPhone
		{E79AE05E-0502-4847-8870-845F5FBB81C1}.AppStore|x86.ActiveCfg = AppStore|iPhone
		{E79AE05E-0502-4847-8870-845F5FBB81C1}.Debug|Any CPU.ActiveCfg = Debug|iPhone
		{E79AE05E-0502-4847-8870-845F5FBB81C1}.Debug|ARM.ActiveCfg = Debug|iPhone
		{E79AE05E-0502-4847-8870-845F5FBB81C1}.Debug|iPhone.ActiveCfg = Debug|iPhone
		{E79AE05E-0502-4847-8870-845F5FBB81C1}.Debug|iPhone.Build.0 = Debug|iPhone
		{E79AE05E-0502-4847-8870-845F5FBB81C1}.Debug|iPhoneSimulator.ActiveCfg = Debug|iPhoneSimulator
		{E79AE05E-0502-4847-8870-845F5FBB81C1}.Debug|iPhoneSimulator.Build.0 = Debug|iPhoneSimulator
		{E79AE05E-0502-4847-8870-845F5FBB81C1}.Debug|x64.ActiveCfg = Debug|iPhone
		{E79AE05E-0502-4847-8870-845F5FBB81C1}.Debug|x86.ActiveCfg = Debug|iPhone
		{E79AE05E-0502-4847-8870-845F5FBB81C1}.Release|Any CPU.ActiveCfg = Release|iPhone
		{E79AE05E-0502-4847-8870-845F5FBB81C1}.Release|ARM.ActiveCfg = Release|iPhone
		{E79AE05E-0502-4847-8870-845F5FBB81C1}.Release|iPhone.ActiveCfg = Release|iPhone
		{E79AE05E-0502-4847-8870-845F5FBB81C1}.Release|iPhone.Build.0 = Release|iPhone
		{E79AE05E-0502-4847-8870-845F5FBB81C1}.Release|iPhoneSimulator.ActiveCfg = Release|iPhoneSimulator
		{E79AE05E-0502-4847-8870-845F5FBB81C1}.Release|iPhoneSimulator.Build.0 = Release|iPhoneSimulator
		{E79AE05E-0502-4847-8870-845F5FBB81C1}.Release|x64.ActiveCfg = Release|iPhone
		{E79AE05E-0502-4847-8870-845F5FBB81C1}.Release|x86.ActiveCfg = Release|iPhone
		{20B76933-D50E-4616-B165-A96F51AC1EE6}.Ad-Hoc|Any CPU.ActiveCfg = Release|Any CPU
		{20B76933-D50E-4616-B165-A96F51AC1EE6}.Ad-Hoc|Any CPU.Build.0 = Release|Any CPU
		{20B76933-D50E-4616-B165-A96F51AC1EE6}.Ad-Hoc|Any CPU.Deploy.0 = Release|Any CPU
		{20B76933-D50E-4616-B165-A96F51AC1EE6}.Ad-Hoc|ARM.ActiveCfg = Release|ARM
		{20B76933-D50E-4616-B165-A96F51AC1EE6}.Ad-Hoc|ARM.Build.0 = Release|ARM
		{20B76933-D50E-4616-B165-A96F51AC1EE6}.Ad-Hoc|ARM.Deploy.0 = Release|ARM
		{20B76933-D50E-4616-B165-A96F51AC1EE6}.Ad-Hoc|iPhone.ActiveCfg = Release|Any CPU
		{20B76933-D50E-4616-B165-A96F51AC1EE6}.Ad-Hoc|iPhone.Build.0 = Release|Any CPU
		{20B76933-D50E-4616-B165-A96F51AC1EE6}.Ad-Hoc|iPhone.Deploy.0 = Release|Any CPU
		{20B76933-D50E-4616-B165-A96F51AC1EE6}.Ad-Hoc|iPhoneSimulator.ActiveCfg = Release|Any CPU
		{20B76933-D50E-4616-B165-A96F51AC1EE6}.Ad-Hoc|iPhoneSimulator.Build.0 = Release|Any CPU
		{20B76933-D50E-4616-B165-A96F51AC1EE6}.Ad-Hoc|iPhoneSimulator.Deploy.0 = Release|Any CPU
		{20B76933-D50E-4616-B165-A96F51AC1EE6}.Ad-Hoc|x64.ActiveCfg = Release|Any CPU
		{20B76933-D50E-4616-B165-A96F51AC1EE6}.Ad-Hoc|x64.Build.0 = Release|Any CPU
		{20B76933-D50E-4616-B165-A96F51AC1EE6}.Ad-Hoc|x64.Deploy.0 = Release|Any CPU
		{20B76933-D50E-4616-B165-A96F51AC1EE6}.Ad-Hoc|x86.ActiveCfg = Release|x86
		{20B76933-D50E-4616-B165-A96F51AC1EE6}.Ad-Hoc|x86.Build.0 = Release|x86
		{20B76933-D50E-4616-B165-A96F51AC1EE6}.Ad-Hoc|x86.Deploy.0 = Release|x86
		{20B76933-D50E-4616-B165-A96F51AC1EE6}.AppStore|Any CPU.ActiveCfg = Release|Any CPU
		{20B76933-D50E-4616-B165-A96F51AC1EE6}.AppStore|Any CPU.Build.0 = Release|Any CPU
		{20B76933-D50E-4616-B165-A96F51AC1EE6}.AppStore|Any CPU.Deploy.0 = Release|Any CPU
		{20B76933-D50E-4616-B165-A96F51AC1EE6}.AppStore|ARM.ActiveCfg = Release|ARM
		{20B76933-D50E-4616-B165-A96F51AC1EE6}.AppStore|ARM.Build.0 = Release|ARM
		{20B76933-D50E-4616-B165-A96F51AC1EE6}.AppStore|ARM.Deploy.0 = Release|ARM
		{20B76933-D50E-4616-B165-A96F51AC1EE6}.AppStore|iPhone.ActiveCfg = Release|Any CPU
		{20B76933-D50E-4616-B165-A96F51AC1EE6}.AppStore|iPhone.Build.0 = Release|Any CPU
		{20B76933-D50E-4616-B165-A96F51AC1EE6}.AppStore|iPhone.Deploy.0 = Release|Any CPU
		{20B76933-D50E-4616-B165-A96F51AC1EE6}.AppStore|iPhoneSimulator.ActiveCfg = Release|Any CPU
		{20B76933-D50E-4616-B165-A96F51AC1EE6}.AppStore|iPhoneSimulator.Build.0 = Release|Any CPU
		{20B76933-D50E-4616-B165-A96F51AC1EE6}.AppStore|iPhoneSimulator.Deploy.0 = Release|Any CPU
		{20B76933-D50E-4616-B165-A96F51AC1EE6}.AppStore|x64.ActiveCfg = Release|Any CPU
		{20B76933-D50E-4616-B165-A96F51AC1EE6}.AppStore|x64.Build.0 = Release|Any CPU
		{20B76933-D50E-4616-B165-A96F51AC1EE6}.AppStore|x64.Deploy.0 = Release|Any CPU
		{20B76933-D50E-4616-B165-A96F51AC1EE6}.AppStore|x86.ActiveCfg = Release|x86
		{20B76933-D50E-4616-B165-A96F51AC1EE6}.AppStore|x86.Build.0 = Release|x86
		{20B76933-D50E-4616-B165-A96F51AC1EE6}.AppStore|x86.Deploy.0 = Release|x86
		{20B76933-D50E-4616-B165-A96F51AC1EE6}.Debug|Any CPU.ActiveCfg = Debug|Any CPU
		{20B76933-D50E-4616-B165-A96F51AC1EE6}.Debug|Any CPU.Build.0 = Debug|Any CPU
		{20B76933-D50E-4616-B165-A96F51AC1EE6}.Debug|Any CPU.Deploy.0 = Debug|Any CPU
		{20B76933-D50E-4616-B165-A96F51AC1EE6}.Debug|ARM.ActiveCfg = Debug|ARM
		{20B76933-D50E-4616-B165-A96F51AC1EE6}.Debug|ARM.Build.0 = Debug|ARM
		{20B76933-D50E-4616-B165-A96F51AC1EE6}.Debug|ARM.Deploy.0 = Debug|ARM
		{20B76933-D50E-4616-B165-A96F51AC1EE6}.Debug|iPhone.ActiveCfg = Debug|Any CPU
		{20B76933-D50E-4616-B165-A96F51AC1EE6}.Debug|iPhone.Build.0 = Debug|Any CPU
		{20B76933-D50E-4616-B165-A96F51AC1EE6}.Debug|iPhone.Deploy.0 = Debug|Any CPU
		{20B76933-D50E-4616-B165-A96F51AC1EE6}.Debug|iPhoneSimulator.ActiveCfg = Debug|Any CPU
		{20B76933-D50E-4616-B165-A96F51AC1EE6}.Debug|iPhoneSimulator.Build.0 = Debug|Any CPU
		{20B76933-D50E-4616-B165-A96F51AC1EE6}.Debug|iPhoneSimulator.Deploy.0 = Debug|Any CPU
		{20B76933-D50E-4616-B165-A96F51AC1EE6}.Debug|x64.ActiveCfg = Debug|Any CPU
		{20B76933-D50E-4616-B165-A96F51AC1EE6}.Debug|x64.Build.0 = Debug|Any CPU
		{20B76933-D50E-4616-B165-A96F51AC1EE6}.Debug|x64.Deploy.0 = Debug|Any CPU
		{20B76933-D50E-4616-B165-A96F51AC1EE6}.Debug|x86.ActiveCfg = Debug|x86
		{20B76933-D50E-4616-B165-A96F51AC1EE6}.Debug|x86.Build.0 = Debug|x86
		{20B76933-D50E-4616-B165-A96F51AC1EE6}.Debug|x86.Deploy.0 = Debug|x86
		{20B76933-D50E-4616-B165-A96F51AC1EE6}.Release|Any CPU.ActiveCfg = Release|Any CPU
		{20B76933-D50E-4616-B165-A96F51AC1EE6}.Release|Any CPU.Build.0 = Release|Any CPU
		{20B76933-D50E-4616-B165-A96F51AC1EE6}.Release|Any CPU.Deploy.0 = Release|Any CPU
		{20B76933-D50E-4616-B165-A96F51AC1EE6}.Release|ARM.ActiveCfg = Release|ARM
		{20B76933-D50E-4616-B165-A96F51AC1EE6}.Release|ARM.Build.0 = Release|ARM
		{20B76933-D50E-4616-B165-A96F51AC1EE6}.Release|ARM.Deploy.0 = Release|ARM
		{20B76933-D50E-4616-B165-A96F51AC1EE6}.Release|iPhone.ActiveCfg = Release|Any CPU
		{20B76933-D50E-4616-B165-A96F51AC1EE6}.Release|iPhone.Build.0 = Release|Any CPU
		{20B76933-D50E-4616-B165-A96F51AC1EE6}.Release|iPhone.Deploy.0 = Release|Any CPU
		{20B76933-D50E-4616-B165-A96F51AC1EE6}.Release|iPhoneSimulator.ActiveCfg = Release|Any CPU
		{20B76933-D50E-4616-B165-A96F51AC1EE6}.Release|iPhoneSimulator.Build.0 = Release|Any CPU
		{20B76933-D50E-4616-B165-A96F51AC1EE6}.Release|iPhoneSimulator.Deploy.0 = Release|Any CPU
		{20B76933-D50E-4616-B165-A96F51AC1EE6}.Release|x64.ActiveCfg = Release|Any CPU
		{20B76933-D50E-4616-B165-A96F51AC1EE6}.Release|x64.Build.0 = Release|Any CPU
		{20B76933-D50E-4616-B165-A96F51AC1EE6}.Release|x64.Deploy.0 = Release|Any CPU
		{20B76933-D50E-4616-B165-A96F51AC1EE6}.Release|x86.ActiveCfg = Release|x86
		{20B76933-D50E-4616-B165-A96F51AC1EE6}.Release|x86.Build.0 = Release|x86
		{20B76933-D50E-4616-B165-A96F51AC1EE6}.Release|x86.Deploy.0 = Release|x86
		{7A15F84C-1C83-4464-87B2-8386B2C24004}.Ad-Hoc|Any CPU.ActiveCfg = Release|x86
		{7A15F84C-1C83-4464-87B2-8386B2C24004}.Ad-Hoc|Any CPU.Build.0 = Release|x86
		{7A15F84C-1C83-4464-87B2-8386B2C24004}.Ad-Hoc|Any CPU.Deploy.0 = Release|x86
		{7A15F84C-1C83-4464-87B2-8386B2C24004}.Ad-Hoc|ARM.ActiveCfg = Release|ARM
		{7A15F84C-1C83-4464-87B2-8386B2C24004}.Ad-Hoc|ARM.Build.0 = Release|ARM
		{7A15F84C-1C83-4464-87B2-8386B2C24004}.Ad-Hoc|ARM.Deploy.0 = Release|ARM
		{7A15F84C-1C83-4464-87B2-8386B2C24004}.Ad-Hoc|iPhone.ActiveCfg = Release|x86
		{7A15F84C-1C83-4464-87B2-8386B2C24004}.Ad-Hoc|iPhone.Build.0 = Release|x86
		{7A15F84C-1C83-4464-87B2-8386B2C24004}.Ad-Hoc|iPhone.Deploy.0 = Release|x86
		{7A15F84C-1C83-4464-87B2-8386B2C24004}.Ad-Hoc|iPhoneSimulator.ActiveCfg = Release|x86
		{7A15F84C-1C83-4464-87B2-8386B2C24004}.Ad-Hoc|iPhoneSimulator.Build.0 = Release|x86
		{7A15F84C-1C83-4464-87B2-8386B2C24004}.Ad-Hoc|iPhoneSimulator.Deploy.0 = Release|x86
		{7A15F84C-1C83-4464-87B2-8386B2C24004}.Ad-Hoc|x64.ActiveCfg = Release|x64
		{7A15F84C-1C83-4464-87B2-8386B2C24004}.Ad-Hoc|x64.Build.0 = Release|x64
		{7A15F84C-1C83-4464-87B2-8386B2C24004}.Ad-Hoc|x64.Deploy.0 = Release|x64
		{7A15F84C-1C83-4464-87B2-8386B2C24004}.Ad-Hoc|x86.ActiveCfg = Release|x86
		{7A15F84C-1C83-4464-87B2-8386B2C24004}.Ad-Hoc|x86.Build.0 = Release|x86
		{7A15F84C-1C83-4464-87B2-8386B2C24004}.Ad-Hoc|x86.Deploy.0 = Release|x86
		{7A15F84C-1C83-4464-87B2-8386B2C24004}.AppStore|Any CPU.ActiveCfg = Release|x86
		{7A15F84C-1C83-4464-87B2-8386B2C24004}.AppStore|Any CPU.Build.0 = Release|x86
		{7A15F84C-1C83-4464-87B2-8386B2C24004}.AppStore|Any CPU.Deploy.0 = Release|x86
		{7A15F84C-1C83-4464-87B2-8386B2C24004}.AppStore|ARM.ActiveCfg = Release|ARM
		{7A15F84C-1C83-4464-87B2-8386B2C24004}.AppStore|ARM.Build.0 = Release|ARM
		{7A15F84C-1C83-4464-87B2-8386B2C24004}.AppStore|ARM.Deploy.0 = Release|ARM
		{7A15F84C-1C83-4464-87B2-8386B2C24004}.AppStore|iPhone.ActiveCfg = Release|x86
		{7A15F84C-1C83-4464-87B2-8386B2C24004}.AppStore|iPhone.Build.0 = Release|x86
		{7A15F84C-1C83-4464-87B2-8386B2C24004}.AppStore|iPhone.Deploy.0 = Release|x86
		{7A15F84C-1C83-4464-87B2-8386B2C24004}.AppStore|iPhoneSimulator.ActiveCfg = Release|x86
		{7A15F84C-1C83-4464-87B2-8386B2C24004}.AppStore|iPhoneSimulator.Build.0 = Release|x86
		{7A15F84C-1C83-4464-87B2-8386B2C24004}.AppStore|iPhoneSimulator.Deploy.0 = Release|x86
		{7A15F84C-1C83-4464-87B2-8386B2C24004}.AppStore|x64.ActiveCfg = Release|x64
		{7A15F84C-1C83-4464-87B2-8386B2C24004}.AppStore|x64.Build.0 = Release|x64
		{7A15F84C-1C83-4464-87B2-8386B2C24004}.AppStore|x64.Deploy.0 = Release|x64
		{7A15F84C-1C83-4464-87B2-8386B2C24004}.AppStore|x86.ActiveCfg = Release|x86
		{7A15F84C-1C83-4464-87B2-8386B2C24004}.AppStore|x86.Build.0 = Release|x86
		{7A15F84C-1C83-4464-87B2-8386B2C24004}.AppStore|x86.Deploy.0 = Release|x86
		{7A15F84C-1C83-4464-87B2-8386B2C24004}.Debug|Any CPU.ActiveCfg = Debug|x86
		{7A15F84C-1C83-4464-87B2-8386B2C24004}.Debug|ARM.ActiveCfg = Debug|ARM
		{7A15F84C-1C83-4464-87B2-8386B2C24004}.Debug|ARM.Build.0 = Debug|ARM
		{7A15F84C-1C83-4464-87B2-8386B2C24004}.Debug|ARM.Deploy.0 = Debug|ARM
		{7A15F84C-1C83-4464-87B2-8386B2C24004}.Debug|iPhone.ActiveCfg = Debug|x86
		{7A15F84C-1C83-4464-87B2-8386B2C24004}.Debug|iPhoneSimulator.ActiveCfg = Debug|x86
		{7A15F84C-1C83-4464-87B2-8386B2C24004}.Debug|x64.ActiveCfg = Debug|x64
		{7A15F84C-1C83-4464-87B2-8386B2C24004}.Debug|x64.Build.0 = Debug|x64
		{7A15F84C-1C83-4464-87B2-8386B2C24004}.Debug|x64.Deploy.0 = Debug|x64
		{7A15F84C-1C83-4464-87B2-8386B2C24004}.Debug|x86.ActiveCfg = Debug|x86
		{7A15F84C-1C83-4464-87B2-8386B2C24004}.Debug|x86.Build.0 = Debug|x86
		{7A15F84C-1C83-4464-87B2-8386B2C24004}.Debug|x86.Deploy.0 = Debug|x86
		{7A15F84C-1C83-4464-87B2-8386B2C24004}.Release|Any CPU.ActiveCfg = Release|x86
		{7A15F84C-1C83-4464-87B2-8386B2C24004}.Release|ARM.ActiveCfg = Release|ARM
		{7A15F84C-1C83-4464-87B2-8386B2C24004}.Release|ARM.Build.0 = Release|ARM
		{7A15F84C-1C83-4464-87B2-8386B2C24004}.Release|ARM.Deploy.0 = Release|ARM
		{7A15F84C-1C83-4464-87B2-8386B2C24004}.Release|iPhone.ActiveCfg = Release|x86
		{7A15F84C-1C83-4464-87B2-8386B2C24004}.Release|iPhoneSimulator.ActiveCfg = Release|x86
		{7A15F84C-1C83-4464-87B2-8386B2C24004}.Release|x64.ActiveCfg = Release|x64
		{7A15F84C-1C83-4464-87B2-8386B2C24004}.Release|x64.Build.0 = Release|x64
		{7A15F84C-1C83-4464-87B2-8386B2C24004}.Release|x64.Deploy.0 = Release|x64
		{7A15F84C-1C83-4464-87B2-8386B2C24004}.Release|x86.ActiveCfg = Release|x86
		{7A15F84C-1C83-4464-87B2-8386B2C24004}.Release|x86.Build.0 = Release|x86
		{7A15F84C-1C83-4464-87B2-8386B2C24004}.Release|x86.Deploy.0 = Release|x86
		{E1B1CE94-8EAC-43B2-A0E7-EFEBE92B365E}.Ad-Hoc|Any CPU.ActiveCfg = Release|Any CPU
		{E1B1CE94-8EAC-43B2-A0E7-EFEBE92B365E}.Ad-Hoc|Any CPU.Build.0 = Release|Any CPU
		{E1B1CE94-8EAC-43B2-A0E7-EFEBE92B365E}.Ad-Hoc|Any CPU.Deploy.0 = Release|Any CPU
		{E1B1CE94-8EAC-43B2-A0E7-EFEBE92B365E}.Ad-Hoc|ARM.ActiveCfg = Release|ARM
		{E1B1CE94-8EAC-43B2-A0E7-EFEBE92B365E}.Ad-Hoc|ARM.Build.0 = Release|ARM
		{E1B1CE94-8EAC-43B2-A0E7-EFEBE92B365E}.Ad-Hoc|ARM.Deploy.0 = Release|ARM
		{E1B1CE94-8EAC-43B2-A0E7-EFEBE92B365E}.Ad-Hoc|iPhone.ActiveCfg = Release|Any CPU
		{E1B1CE94-8EAC-43B2-A0E7-EFEBE92B365E}.Ad-Hoc|iPhone.Build.0 = Release|Any CPU
		{E1B1CE94-8EAC-43B2-A0E7-EFEBE92B365E}.Ad-Hoc|iPhone.Deploy.0 = Release|Any CPU
		{E1B1CE94-8EAC-43B2-A0E7-EFEBE92B365E}.Ad-Hoc|iPhoneSimulator.ActiveCfg = Release|Any CPU
		{E1B1CE94-8EAC-43B2-A0E7-EFEBE92B365E}.Ad-Hoc|iPhoneSimulator.Build.0 = Release|Any CPU
		{E1B1CE94-8EAC-43B2-A0E7-EFEBE92B365E}.Ad-Hoc|iPhoneSimulator.Deploy.0 = Release|Any CPU
		{E1B1CE94-8EAC-43B2-A0E7-EFEBE92B365E}.Ad-Hoc|x64.ActiveCfg = Release|x64
		{E1B1CE94-8EAC-43B2-A0E7-EFEBE92B365E}.Ad-Hoc|x64.Build.0 = Release|x64
		{E1B1CE94-8EAC-43B2-A0E7-EFEBE92B365E}.Ad-Hoc|x64.Deploy.0 = Release|x64
		{E1B1CE94-8EAC-43B2-A0E7-EFEBE92B365E}.Ad-Hoc|x86.ActiveCfg = Release|x86
		{E1B1CE94-8EAC-43B2-A0E7-EFEBE92B365E}.Ad-Hoc|x86.Build.0 = Release|x86
		{E1B1CE94-8EAC-43B2-A0E7-EFEBE92B365E}.Ad-Hoc|x86.Deploy.0 = Release|x86
		{E1B1CE94-8EAC-43B2-A0E7-EFEBE92B365E}.AppStore|Any CPU.ActiveCfg = Release|Any CPU
		{E1B1CE94-8EAC-43B2-A0E7-EFEBE92B365E}.AppStore|Any CPU.Build.0 = Release|Any CPU
		{E1B1CE94-8EAC-43B2-A0E7-EFEBE92B365E}.AppStore|Any CPU.Deploy.0 = Release|Any CPU
		{E1B1CE94-8EAC-43B2-A0E7-EFEBE92B365E}.AppStore|ARM.ActiveCfg = Release|ARM
		{E1B1CE94-8EAC-43B2-A0E7-EFEBE92B365E}.AppStore|ARM.Build.0 = Release|ARM
		{E1B1CE94-8EAC-43B2-A0E7-EFEBE92B365E}.AppStore|ARM.Deploy.0 = Release|ARM
		{E1B1CE94-8EAC-43B2-A0E7-EFEBE92B365E}.AppStore|iPhone.ActiveCfg = Release|Any CPU
		{E1B1CE94-8EAC-43B2-A0E7-EFEBE92B365E}.AppStore|iPhone.Build.0 = Release|Any CPU
		{E1B1CE94-8EAC-43B2-A0E7-EFEBE92B365E}.AppStore|iPhone.Deploy.0 = Release|Any CPU
		{E1B1CE94-8EAC-43B2-A0E7-EFEBE92B365E}.AppStore|iPhoneSimulator.ActiveCfg = Release|Any CPU
		{E1B1CE94-8EAC-43B2-A0E7-EFEBE92B365E}.AppStore|iPhoneSimulator.Build.0 = Release|Any CPU
		{E1B1CE94-8EAC-43B2-A0E7-EFEBE92B365E}.AppStore|iPhoneSimulator.Deploy.0 = Release|Any CPU
		{E1B1CE94-8EAC-43B2-A0E7-EFEBE92B365E}.AppStore|x64.ActiveCfg = Release|x64
		{E1B1CE94-8EAC-43B2-A0E7-EFEBE92B365E}.AppStore|x64.Build.0 = Release|x64
		{E1B1CE94-8EAC-43B2-A0E7-EFEBE92B365E}.AppStore|x64.Deploy.0 = Release|x64
		{E1B1CE94-8EAC-43B2-A0E7-EFEBE92B365E}.AppStore|x86.ActiveCfg = Release|x86
		{E1B1CE94-8EAC-43B2-A0E7-EFEBE92B365E}.AppStore|x86.Build.0 = Release|x86
		{E1B1CE94-8EAC-43B2-A0E7-EFEBE92B365E}.AppStore|x86.Deploy.0 = Release|x86
		{E1B1CE94-8EAC-43B2-A0E7-EFEBE92B365E}.Debug|Any CPU.ActiveCfg = Debug|Any CPU
		{E1B1CE94-8EAC-43B2-A0E7-EFEBE92B365E}.Debug|Any CPU.Build.0 = Debug|Any CPU
		{E1B1CE94-8EAC-43B2-A0E7-EFEBE92B365E}.Debug|Any CPU.Deploy.0 = Debug|Any CPU
		{E1B1CE94-8EAC-43B2-A0E7-EFEBE92B365E}.Debug|ARM.ActiveCfg = Debug|ARM
		{E1B1CE94-8EAC-43B2-A0E7-EFEBE92B365E}.Debug|ARM.Build.0 = Debug|ARM
		{E1B1CE94-8EAC-43B2-A0E7-EFEBE92B365E}.Debug|ARM.Deploy.0 = Debug|ARM
		{E1B1CE94-8EAC-43B2-A0E7-EFEBE92B365E}.Debug|iPhone.ActiveCfg = Debug|Any CPU
		{E1B1CE94-8EAC-43B2-A0E7-EFEBE92B365E}.Debug|iPhone.Build.0 = Debug|Any CPU
		{E1B1CE94-8EAC-43B2-A0E7-EFEBE92B365E}.Debug|iPhone.Deploy.0 = Debug|Any CPU
		{E1B1CE94-8EAC-43B2-A0E7-EFEBE92B365E}.Debug|iPhoneSimulator.ActiveCfg = Debug|Any CPU
		{E1B1CE94-8EAC-43B2-A0E7-EFEBE92B365E}.Debug|iPhoneSimulator.Build.0 = Debug|Any CPU
		{E1B1CE94-8EAC-43B2-A0E7-EFEBE92B365E}.Debug|iPhoneSimulator.Deploy.0 = Debug|Any CPU
		{E1B1CE94-8EAC-43B2-A0E7-EFEBE92B365E}.Debug|x64.ActiveCfg = Debug|x64
		{E1B1CE94-8EAC-43B2-A0E7-EFEBE92B365E}.Debug|x64.Build.0 = Debug|x64
		{E1B1CE94-8EAC-43B2-A0E7-EFEBE92B365E}.Debug|x64.Deploy.0 = Debug|x64
		{E1B1CE94-8EAC-43B2-A0E7-EFEBE92B365E}.Debug|x86.ActiveCfg = Debug|x86
		{E1B1CE94-8EAC-43B2-A0E7-EFEBE92B365E}.Debug|x86.Build.0 = Debug|x86
		{E1B1CE94-8EAC-43B2-A0E7-EFEBE92B365E}.Debug|x86.Deploy.0 = Debug|x86
		{E1B1CE94-8EAC-43B2-A0E7-EFEBE92B365E}.Release|Any CPU.ActiveCfg = Release|Any CPU
		{E1B1CE94-8EAC-43B2-A0E7-EFEBE92B365E}.Release|Any CPU.Build.0 = Release|Any CPU
		{E1B1CE94-8EAC-43B2-A0E7-EFEBE92B365E}.Release|Any CPU.Deploy.0 = Release|Any CPU
		{E1B1CE94-8EAC-43B2-A0E7-EFEBE92B365E}.Release|ARM.ActiveCfg = Release|ARM
		{E1B1CE94-8EAC-43B2-A0E7-EFEBE92B365E}.Release|ARM.Build.0 = Release|ARM
		{E1B1CE94-8EAC-43B2-A0E7-EFEBE92B365E}.Release|ARM.Deploy.0 = Release|ARM
		{E1B1CE94-8EAC-43B2-A0E7-EFEBE92B365E}.Release|iPhone.ActiveCfg = Release|Any CPU
		{E1B1CE94-8EAC-43B2-A0E7-EFEBE92B365E}.Release|iPhone.Build.0 = Release|Any CPU
		{E1B1CE94-8EAC-43B2-A0E7-EFEBE92B365E}.Release|iPhone.Deploy.0 = Release|Any CPU
		{E1B1CE94-8EAC-43B2-A0E7-EFEBE92B365E}.Release|iPhoneSimulator.ActiveCfg = Release|Any CPU
		{E1B1CE94-8EAC-43B2-A0E7-EFEBE92B365E}.Release|iPhoneSimulator.Build.0 = Release|Any CPU
		{E1B1CE94-8EAC-43B2-A0E7-EFEBE92B365E}.Release|iPhoneSimulator.Deploy.0 = Release|Any CPU
		{E1B1CE94-8EAC-43B2-A0E7-EFEBE92B365E}.Release|x64.ActiveCfg = Release|x64
		{E1B1CE94-8EAC-43B2-A0E7-EFEBE92B365E}.Release|x64.Build.0 = Release|x64
		{E1B1CE94-8EAC-43B2-A0E7-EFEBE92B365E}.Release|x64.Deploy.0 = Release|x64
		{E1B1CE94-8EAC-43B2-A0E7-EFEBE92B365E}.Release|x86.ActiveCfg = Release|x86
		{E1B1CE94-8EAC-43B2-A0E7-EFEBE92B365E}.Release|x86.Build.0 = Release|x86
		{E1B1CE94-8EAC-43B2-A0E7-EFEBE92B365E}.Release|x86.Deploy.0 = Release|x86
		{BE955AB0-E555-4170-BF90-8E9CC03EF5A8}.Ad-Hoc|Any CPU.ActiveCfg = AppStore|Any CPU
		{BE955AB0-E555-4170-BF90-8E9CC03EF5A8}.Ad-Hoc|Any CPU.Build.0 = AppStore|Any CPU
		{BE955AB0-E555-4170-BF90-8E9CC03EF5A8}.Ad-Hoc|ARM.ActiveCfg = AppStore|Any CPU
		{BE955AB0-E555-4170-BF90-8E9CC03EF5A8}.Ad-Hoc|ARM.Build.0 = AppStore|Any CPU
		{BE955AB0-E555-4170-BF90-8E9CC03EF5A8}.Ad-Hoc|iPhone.ActiveCfg = AppStore|Any CPU
		{BE955AB0-E555-4170-BF90-8E9CC03EF5A8}.Ad-Hoc|iPhone.Build.0 = AppStore|Any CPU
		{BE955AB0-E555-4170-BF90-8E9CC03EF5A8}.Ad-Hoc|iPhoneSimulator.ActiveCfg = AppStore|Any CPU
		{BE955AB0-E555-4170-BF90-8E9CC03EF5A8}.Ad-Hoc|iPhoneSimulator.Build.0 = AppStore|Any CPU
		{BE955AB0-E555-4170-BF90-8E9CC03EF5A8}.Ad-Hoc|x64.ActiveCfg = AppStore|Any CPU
		{BE955AB0-E555-4170-BF90-8E9CC03EF5A8}.Ad-Hoc|x64.Build.0 = AppStore|Any CPU
		{BE955AB0-E555-4170-BF90-8E9CC03EF5A8}.Ad-Hoc|x86.ActiveCfg = AppStore|Any CPU
		{BE955AB0-E555-4170-BF90-8E9CC03EF5A8}.Ad-Hoc|x86.Build.0 = AppStore|Any CPU
		{BE955AB0-E555-4170-BF90-8E9CC03EF5A8}.AppStore|Any CPU.ActiveCfg = AppStore|Any CPU
		{BE955AB0-E555-4170-BF90-8E9CC03EF5A8}.AppStore|Any CPU.Build.0 = AppStore|Any CPU
		{BE955AB0-E555-4170-BF90-8E9CC03EF5A8}.AppStore|ARM.ActiveCfg = AppStore|Any CPU
		{BE955AB0-E555-4170-BF90-8E9CC03EF5A8}.AppStore|ARM.Build.0 = AppStore|Any CPU
		{BE955AB0-E555-4170-BF90-8E9CC03EF5A8}.AppStore|iPhone.ActiveCfg = AppStore|Any CPU
		{BE955AB0-E555-4170-BF90-8E9CC03EF5A8}.AppStore|iPhone.Build.0 = AppStore|Any CPU
		{BE955AB0-E555-4170-BF90-8E9CC03EF5A8}.AppStore|iPhoneSimulator.ActiveCfg = AppStore|Any CPU
		{BE955AB0-E555-4170-BF90-8E9CC03EF5A8}.AppStore|iPhoneSimulator.Build.0 = AppStore|Any CPU
		{BE955AB0-E555-4170-BF90-8E9CC03EF5A8}.AppStore|x64.ActiveCfg = AppStore|Any CPU
		{BE955AB0-E555-4170-BF90-8E9CC03EF5A8}.AppStore|x64.Build.0 = AppStore|Any CPU
		{BE955AB0-E555-4170-BF90-8E9CC03EF5A8}.AppStore|x86.ActiveCfg = AppStore|Any CPU
		{BE955AB0-E555-4170-BF90-8E9CC03EF5A8}.AppStore|x86.Build.0 = AppStore|Any CPU
		{BE955AB0-E555-4170-BF90-8E9CC03EF5A8}.Debug|Any CPU.ActiveCfg = Debug|Any CPU
		{BE955AB0-E555-4170-BF90-8E9CC03EF5A8}.Debug|Any CPU.Build.0 = Debug|Any CPU
		{BE955AB0-E555-4170-BF90-8E9CC03EF5A8}.Debug|ARM.ActiveCfg = Debug|Any CPU
		{BE955AB0-E555-4170-BF90-8E9CC03EF5A8}.Debug|ARM.Build.0 = Debug|Any CPU
		{BE955AB0-E555-4170-BF90-8E9CC03EF5A8}.Debug|iPhone.ActiveCfg = Debug|Any CPU
		{BE955AB0-E555-4170-BF90-8E9CC03EF5A8}.Debug|iPhone.Build.0 = Debug|Any CPU
		{BE955AB0-E555-4170-BF90-8E9CC03EF5A8}.Debug|iPhoneSimulator.ActiveCfg = Debug|Any CPU
		{BE955AB0-E555-4170-BF90-8E9CC03EF5A8}.Debug|iPhoneSimulator.Build.0 = Debug|Any CPU
		{BE955AB0-E555-4170-BF90-8E9CC03EF5A8}.Debug|x64.ActiveCfg = Debug|Any CPU
		{BE955AB0-E555-4170-BF90-8E9CC03EF5A8}.Debug|x64.Build.0 = Debug|Any CPU
		{BE955AB0-E555-4170-BF90-8E9CC03EF5A8}.Debug|x86.ActiveCfg = Debug|Any CPU
		{BE955AB0-E555-4170-BF90-8E9CC03EF5A8}.Debug|x86.Build.0 = Debug|Any CPU
		{BE955AB0-E555-4170-BF90-8E9CC03EF5A8}.Release|Any CPU.ActiveCfg = Release|Any CPU
		{BE955AB0-E555-4170-BF90-8E9CC03EF5A8}.Release|Any CPU.Build.0 = Release|Any CPU
		{BE955AB0-E555-4170-BF90-8E9CC03EF5A8}.Release|ARM.ActiveCfg = Release|Any CPU
		{BE955AB0-E555-4170-BF90-8E9CC03EF5A8}.Release|ARM.Build.0 = Release|Any CPU
		{BE955AB0-E555-4170-BF90-8E9CC03EF5A8}.Release|iPhone.ActiveCfg = Release|Any CPU
		{BE955AB0-E555-4170-BF90-8E9CC03EF5A8}.Release|iPhone.Build.0 = Release|Any CPU
		{BE955AB0-E555-4170-BF90-8E9CC03EF5A8}.Release|iPhoneSimulator.ActiveCfg = Release|Any CPU
		{BE955AB0-E555-4170-BF90-8E9CC03EF5A8}.Release|iPhoneSimulator.Build.0 = Release|Any CPU
		{BE955AB0-E555-4170-BF90-8E9CC03EF5A8}.Release|x64.ActiveCfg = Release|Any CPU
		{BE955AB0-E555-4170-BF90-8E9CC03EF5A8}.Release|x64.Build.0 = Release|Any CPU
		{BE955AB0-E555-4170-BF90-8E9CC03EF5A8}.Release|x86.ActiveCfg = Release|Any CPU
		{BE955AB0-E555-4170-BF90-8E9CC03EF5A8}.Release|x86.Build.0 = Release|Any CPU
	EndGlobalSection
	GlobalSection(SolutionProperties) = preSolution
		HideSolutionNode = FALSE
	EndGlobalSection
EndGlobal
